
Microsoft Visual Studio Solution File, Format Version 12.00
# Visual Studio Version 16
VisualStudioVersion = 16.0.31313.79
MinimumVisualStudioVersion = 10.0.40219.1
Project("{FAE04EC0-301F-11D3-BF4B-00C04F79EFBC}") = "Projekt2", "Projekt2\Projekt2.csproj", "{0C8EB2F7-8FC9-4C3A-82E4-D779AF661E20}"
EndProject
Global
	GlobalSection(SolutionConfigurationPlatforms) = preSolution
		Debug|Any CPU = Debug|Any CPU
		Release|Any CPU = Release|Any CPU
	EndGlobalSection
	GlobalSection(ProjectConfigurationPlatforms) = postSolution
		{0C8EB2F7-8FC9-4C3A-82E4-D779AF661E20}.Debug|Any CPU.ActiveCfg = Debug|Any CPU
		{0C8EB2F7-8FC9-4C3A-82E4-D779AF661E20}.Debug|Any CPU.Build.0 = Debug|Any CPU
		{0C8EB2F7-8FC9-4C3A-82E4-D779AF661E20}.Release|Any CPU.ActiveCfg = Release|Any CPU
		{0C8EB2F7-8FC9-4C3A-82E4-D779AF661E20}.Release|Any CPU.Build.0 = Release|Any CPU
	EndGlobalSection
	GlobalSection(SolutionProperties) = preSolution
		HideSolutionNode = FALSE
	EndGlobalSection
	GlobalSection(ExtensibilityGlobals) = postSolution
		SolutionGuid = {FE19CFC7-1C26-48C2-8E56-35979A1FF45B}
	EndGlobalSection
EndGlobal
